
Microsoft Visual Studio Solution File, Format Version 12.00
# Visual Studio Version 17
VisualStudioVersion = 17.9.34902.65
MinimumVisualStudioVersion = 10.0.40219.1
Project("{FAE04EC0-301F-11D3-BF4B-00C04F79EFBC}") = "Ef_QyeryData", "Ef_QyeryData.csproj", "{058634D5-0A16-4D3C-8E89-A66ABF8C494B}"
EndProject
Global
	GlobalSection(SolutionConfigurationPlatforms) = preSolution
		Debug|Any CPU = Debug|Any CPU
		Release|Any CPU = Release|Any CPU
	EndGlobalSection
	GlobalSection(ProjectConfigurationPlatforms) = postSolution
		{058634D5-0A16-4D3C-8E89-A66ABF8C494B}.Debug|Any CPU.ActiveCfg = Debug|Any CPU
		{058634D5-0A16-4D3C-8E89-A66ABF8C494B}.Debug|Any CPU.Build.0 = Debug|Any CPU
		{058634D5-0A16-4D3C-8E89-A66ABF8C494B}.Release|Any CPU.ActiveCfg = Release|Any CPU
		{058634D5-0A16-4D3C-8E89-A66ABF8C494B}.Release|Any CPU.Build.0 = Release|Any CPU
	EndGlobalSection
	GlobalSection(SolutionProperties) = preSolution
		HideSolutionNode = FALSE
	EndGlobalSection
	GlobalSection(ExtensibilityGlobals) = postSolution
		SolutionGuid = {F995729E-7F9B-448A-9D79-3B5358307F87}
	EndGlobalSection
EndGlobal
